// !$*UTF8*$!
{
	archiveVersion = 1;
	classes = {
	};
	objectVersion = 50;
	objects = {

/* Begin PBXBuildFile section */
		56CACCE023244840001FBFAB /* AppDelegate.swift in Sources */ = {isa = PBXBuildFile; fileRef = 56CACCDF23244840001FBFAB /* AppDelegate.swift */; };
		56CACCE223244840001FBFAB /* ViewController.swift in Sources */ = {isa = PBXBuildFile; fileRef = 56CACCE123244840001FBFAB /* ViewController.swift */; };
		56CACCE523244840001FBFAB /* Main.storyboard in Resources */ = {isa = PBXBuildFile; fileRef = 56CACCE323244840001FBFAB /* Main.storyboard */; };
		56CACCE723244847001FBFAB /* Assets.xcassets in Resources */ = {isa = PBXBuildFile; fileRef = 56CACCE623244847001FBFAB /* Assets.xcassets */; };
		56CACCEA23244847001FBFAB /* LaunchScreen.storyboard in Resources */ = {isa = PBXBuildFile; fileRef = 56CACCE823244847001FBFAB /* LaunchScreen.storyboard */; };
		56CACCF5232464E0001FBFAB /* SimpleSound.swift in Sources */ = {isa = PBXBuildFile; fileRef = 56CACCF1232464E0001FBFAB /* SimpleSound.swift */; };
		56CACCF6232464E0001FBFAB /* meow.m4a in Resources */ = {isa = PBXBuildFile; fileRef = 56CACCF2232464E0001FBFAB /* meow.m4a */; };
		56CACCF7232464E0001FBFAB /* moo.m4a in Resources */ = {isa = PBXBuildFile; fileRef = 56CACCF3232464E0001FBFAB /* moo.m4a */; };
		56CACCF8232464E0001FBFAB /* woof.m4a in Resources */ = {isa = PBXBuildFile; fileRef = 56CACCF4232464E0001FBFAB /* woof.m4a */; };
/* End PBXBuildFile section */

/* Begin PBXFileReference section */
		56CACCDC23244840001FBFAB /* AnimalSounds.app */ = {isa = PBXFileReference; explicitFileType = wrapper.application; includeInIndex = 0; path = AnimalSounds.app; sourceTree = BUILT_PRODUCTS_DIR; };
		56CACCDF23244840001FBFAB /* AppDelegate.swift */ = {isa = PBXFileReference; lastKnownFileType = sourcecode.swift; path = AppDelegate.swift; sourceTree = "<group>"; };
		56CACCE123244840001FBFAB /* ViewController.swift */ = {isa = PBXFileReference; lastKnownFileType = sourcecode.swift; path = ViewController.swift; sourceTree = "<group>"; };
		56CACCE423244840001FBFAB /* Base */ = {isa = PBXFileReference; lastKnownFileType = file.storyboard; name = Base; path = Base.lproj/Main.storyboard; sourceTree = "<group>"; };
		56CACCE623244847001FBFAB /* Assets.xcassets */ = {isa = PBXFileReference; lastKnownFileType = folder.assetcatalog; path = Assets.xcassets; sourceTree = "<group>"; };
		56CACCE923244847001FBFAB /* Base */ = {isa = PBXFileReference; lastKnownFileType = file.storyboard; name = Base; path = Base.lproj/LaunchScreen.storyboard; sourceTree = "<group>"; };
		56CACCEB23244847001FBFAB /* Info.plist */ = {isa = PBXFileReference; lastKnownFileType = text.plist.xml; path = Info.plist; sourceTree = "<group>"; };
		56CACCF1232464E0001FBFAB /* SimpleSound.swift */ = {isa = PBXFileReference; fileEncoding = 4; lastKnownFileType = sourcecode.swift; path = SimpleSound.swift; sourceTree = "<group>"; };
		56CACCF2232464E0001FBFAB /* meow.m4a */ = {isa = PBXFileReference; lastKnownFileType = file; path = meow.m4a; sourceTree = "<group>"; };
		56CACCF3232464E0001FBFAB /* moo.m4a */ = {isa = PBXFileReference; lastKnownFileType = file; path = moo.m4a; sourceTree = "<group>"; };
		56CACCF4232464E0001FBFAB /* woof.m4a */ = {isa = PBXFileReference; lastKnownFileType = file; path = woof.m4a; sourceTree = "<group>"; };
/* End PBXFileReference section */

/* Begin PBXFrameworksBuildPhase section */
		56CACCD923244840001FBFAB /* Frameworks */ = {
			isa = PBXFrameworksBuildPhase;
			buildActionMask = 2147483647;
			files = (
			);
			runOnlyForDeploymentPostprocessing = 0;
		};
/* End PBXFrameworksBuildPhase section */

/* Begin PBXGroup section */
		56CACCD323244840001FBFAB = {
			isa = PBXGroup;
			children = (
				56CACCDE23244840001FBFAB /* AnimalSounds */,
				56CACCDD23244840001FBFAB /* Products */,
			);
			sourceTree = "<group>";
		};
		56CACCDD23244840001FBFAB /* Products */ = {
			isa = PBXGroup;
			children = (
				56CACCDC23244840001FBFAB /* AnimalSounds.app */,
			);
			name = Products;
			sourceTree = "<group>";
		};
		56CACCDE23244840001FBFAB /* AnimalSounds */ = {
			isa = PBXGroup;
			children = (
				56CACCF2232464E0001FBFAB /* meow.m4a */,
				56CACCF3232464E0001FBFAB /* moo.m4a */,
				56CACCF1232464E0001FBFAB /* SimpleSound.swift */,
				56CACCF4232464E0001FBFAB /* woof.m4a */,
				56CACCDF23244840001FBFAB /* AppDelegate.swift */,
				56CACCE123244840001FBFAB /* ViewController.swift */,
				56CACCE323244840001FBFAB /* Main.storyboard */,
				56CACCE623244847001FBFAB /* Assets.xcassets */,
				56CACCE823244847001FBFAB /* LaunchScreen.storyboard */,
				56CACCEB23244847001FBFAB /* Info.plist */,
			);
			path = AnimalSounds;
			sourceTree = "<group>";
		};
/* End PBXGroup section */

/* Begin PBXNativeTarget section */
		56CACCDB23244840001FBFAB /* AnimalSounds */ = {
			isa = PBXNativeTarget;
			buildConfigurationList = 56CACCEE23244847001FBFAB /* Build configuration list for PBXNativeTarget "AnimalSounds" */;
			buildPhases = (
				56CACCD823244840001FBFAB /* Sources */,
				56CACCD923244840001FBFAB /* Frameworks */,
				56CACCDA23244840001FBFAB /* Resources */,
			);
			buildRules = (
			);
			dependencies = (
			);
			name = AnimalSounds;
			productName = AnimalSounds;
			productReference = 56CACCDC23244840001FBFAB /* AnimalSounds.app */;
			productType = "com.apple.product-type.application";
		};
/* End PBXNativeTarget section */

/* Begin PBXProject section */
		56CACCD423244840001FBFAB /* Project object */ = {
			isa = PBXProject;
			attributes = {
				LastSwiftUpdateCheck = 1030;
				LastUpgradeCheck = 1030;
				ORGANIZATIONNAME = unam;
				TargetAttributes = {
					56CACCDB23244840001FBFAB = {
						CreatedOnToolsVersion = 10.3;
					};
				};
			};
			buildConfigurationList = 56CACCD723244840001FBFAB /* Build configuration list for PBXProject "AnimalSounds" */;
			compatibilityVersion = "Xcode 9.3";
			developmentRegion = en;
			hasScannedForEncodings = 0;
			knownRegions = (
				en,
				Base,
			);
			mainGroup = 56CACCD323244840001FBFAB;
			productRefGroup = 56CACCDD23244840001FBFAB /* Products */;
			projectDirPath = "";
			projectRoot = "";
			targets = (
				56CACCDB23244840001FBFAB /* AnimalSounds */,
			);
		};
/* End PBXProject section */

/* Begin PBXResourcesBuildPhase section */
		56CACCDA23244840001FBFAB /* Resources */ = {
			isa = PBXResourcesBuildPhase;
			buildActionMask = 2147483647;
			files = (
				56CACCF6232464E0001FBFAB /* meow.m4a in Resources */,
				56CACCF8232464E0001FBFAB /* woof.m4a in Resources */,
				56CACCF7232464E0001FBFAB /* moo.m4a in Resources */,
				56CACCEA23244847001FBFAB /* LaunchScreen.storyboard in Resources */,
				56CACCE723244847001FBFAB /* Assets.xcassets in Resources */,
				56CACCE523244840001FBFAB /* Main.storyboard in Resources */,
			);
			runOnlyForDeploymentPostprocessing = 0;
		};
/* End PBXResourcesBuildPhase section */

/* Begin PBXSourcesBuildPhase section */
		56CACCD823244840001FBFAB /* Sources */ = {
			isa = PBXSourcesBuildPhase;
			buildActionMask = 2147483647;
			files = (
				56CACCF5232464E0001FBFAB /* SimpleSound.swift in Sources */,
				56CACCE223244840001FBFAB /* ViewController.swift in Sources */,
				56CACCE023244840001FBFAB /* AppDelegate.swift in Sources */,
			);
			runOnlyForDeploymentPostprocessing = 0;
		};
/* End PBXSourcesBuildPhase section */

/* Begin PBXVariantGroup section */
		56CACCE323244840001FBFAB /* Main.storyboard */ = {
			isa = PBXVariantGroup;
			children = (
				56CACCE423244840001FBFAB /* Base */,
			);
			name = Main.storyboard;
			sourceTree = "<group>";
		};
		56CACCE823244847001FBFAB /* LaunchScreen.storyboard */ = {
			isa = PBXVariantGroup;
			children = (
				56CACCE923244847001FBFAB /* Base */,
			);
			name = LaunchScreen.storyboard;
			sourceTree = "<group>";
		};
/* End PBXVariantGroup section */

/* Begin XCBuildConfiguration section */
		56CACCEC23244847001FBFAB /* Debug */ = {
			isa = XCBuildConfiguration;
			buildSettings = {
				ALWAYS_SEARCH_USER_PATHS = NO;
				CLANG_ANALYZER_NONNULL = YES;
				CLANG_ANALYZER_NUMBER_OBJECT_CONVERSION = YES_AGGRESSIVE;
				CLANG_CXX_LANGUAGE_STANDARD = "gnu++14";
				CLANG_CXX_LIBRARY = "libc++";
				CLANG_ENABLE_MODULES = YES;
				CLANG_ENABLE_OBJC_ARC = YES;
				CLANG_ENABLE_OBJC_WEAK = YES;
				CLANG_WARN_BLOCK_CAPTURE_AUTORELEASING = YES;
				CLANG_WARN_BOOL_CONVERSION = YES;
				CLANG_WARN_COMMA = YES;
				CLANG_WARN_CONSTANT_CONVERSION = YES;
				CLANG_WARN_DEPRECATED_OBJC_IMPLEMENTATIONS = YES;
				CLANG_WARN_DIRECT_OBJC_ISA_USAGE = YES_ERROR;
				CLANG_WARN_DOCUMENTATION_COMMENTS = YES;
				CLANG_WARN_EMPTY_BODY = YES;
				CLANG_WARN_ENUM_CONVERSION = YES;
				CLANG_WARN_INFINITE_RECURSION = YES;
				CLANG_WARN_INT_CONVERSION = YES;
				CLANG_WARN_NON_LITERAL_NULL_CONVERSION = YES;
				CLANG_WARN_OBJC_IMPLICIT_RETAIN_SELF = YES;
				CLANG_WARN_OBJC_LITERAL_CONVERSION = YES;
				CLANG_WARN_OBJC_ROOT_CLASS = YES_ERROR;
				CLANG_WARN_RANGE_LOOP_ANALYSIS = YES;
				CLANG_WARN_STRICT_PROTOTYPES = YES;
				CLANG_WARN_SUSPICIOUS_MOVE = YES;
				CLANG_WARN_UNGUARDED_AVAILABILITY = YES_AGGRESSIVE;
				CLANG_WARN_UNREACHABLE_CODE = YES;
				CLANG_WARN__DUPLICATE_METHOD_MATCH = YES;
				CODE_SIGN_IDENTITY = "iPhone Developer";
				COPY_PHASE_STRIP = NO;
				DEBUG_INFORMATION_FORMAT = dwarf;
				ENABLE_STRICT_OBJC_MSGSEND = YES;
				ENABLE_TESTABILITY = YES;
				GCC_C_LANGUAGE_STANDARD = gnu11;
				GCC_DYNAMIC_NO_PIC = NO;
				GCC_NO_COMMON_BLOCKS = YES;
				GCC_OPTIMIZATION_LEVEL = 0;
				GCC_PREPROCESSOR_DEFINITIONS = (
					"DEBUG=1",
					"$(inherited)",
				);
				GCC_WARN_64_TO_32_BIT_CONVERSION = YES;
				GCC_WARN_ABOUT_RETURN_TYPE = YES_ERROR;
				GCC_WARN_UNDECLARED_SELECTOR = YES;
				GCC_WARN_UNINITIALIZED_AUTOS = YES_AGGRESSIVE;
				GCC_WARN_UNUSED_FUNCTION = YES;
				GCC_WARN_UNUSED_VARIABLE = YES;
				IPHONEOS_DEPLOYMENT_TARGET = 12.4;
				MTL_ENABLE_DEBUG_INFO = INCLUDE_SOURCE;
				MTL_FAST_MATH = YES;
				ONLY_ACTIVE_ARCH = YES;
				SDKROOT = iphoneos;
				SWIFT_ACTIVE_COMPILATION_CONDITIONS = DEBUG;
				SWIFT_OPTIMIZATION_LEVEL = "-Onone";
			};
			name = Debug;
		};
		56CACCED23244847001FBFAB /* Release */ = {
			isa = XCBuildConfiguration;
			buildSettings = {
				ALWAYS_SEARCH_USER_PATHS = NO;
				CLANG_ANALYZER_NONNULL = YES;
				CLANG_ANALYZER_NUMBER_OBJECT_CONVERSION = YES_AGGRESSIVE;
				CLANG_CXX_LANGUAGE_STANDARD = "gnu++14";
				CLANG_CXX_LIBRARY = "libc++";
				CLANG_ENABLE_MODULES = YES;
				CLANG_ENABLE_OBJC_ARC = YES;
				CLANG_ENABLE_OBJC_WEAK = YES;
				CLANG_WARN_BLOCK_CAPTURE_AUTORELEASING = YES;
				CLANG_WARN_BOOL_CONVERSION = YES;
				CLANG_WARN_COMMA = YES;
				CLANG_WARN_CONSTANT_CONVERSION = YES;
				CLANG_WARN_DEPRECATED_OBJC_IMPLEMENTATIONS = YES;
				CLANG_WARN_DIRECT_OBJC_ISA_USAGE = YES_ERROR;
				CLANG_WARN_DOCUMENTATION_COMMENTS = YES;
				CLANG_WARN_EMPTY_BODY = YES;
				CLANG_WARN_ENUM_CONVERSION = YES;
				CLANG_WARN_INFINITE_RECURSION = YES;
				CLANG_WARN_INT_CONVERSION = YES;
				CLANG_WARN_NON_LITERAL_NULL_CONVERSION = YES;
				CLANG_WARN_OBJC_IMPLICIT_RETAIN_SELF = YES;
				CLANG_WARN_OBJC_LITERAL_CONVERSION = YES;
				CLANG_WARN_OBJC_ROOT_CLASS = YES_ERROR;
				CLANG_WARN_RANGE_LOOP_ANALYSIS = YES;
				CLANG_WARN_STRICT_PROTOTYPES = YES;
				CLANG_WARN_SUSPICIOUS_MOVE = YES;
				CLANG_WARN_UNGUARDED_AVAILABILITY = YES_AGGRESSIVE;
				CLANG_WARN_UNREACHABLE_CODE = YES;
				CLANG_WARN__DUPLICATE_METHOD_MATCH = YES;
				CODE_SIGN_IDENTITY = "iPhone Developer";
				COPY_PHASE_STRIP = NO;
				DEBUG_INFORMATION_FORMAT = "dwarf-with-dsym";
				ENABLE_NS_ASSERTIONS = NO;
				ENABLE_STRICT_OBJC_MSGSEND = YES;
				GCC_C_LANGUAGE_STANDARD = gnu11;
				GCC_NO_COMMON_BLOCKS = YES;
				GCC_WARN_64_TO_32_BIT_CONVERSION = YES;
				GCC_WARN_ABOUT_RETURN_TYPE = YES_ERROR;
				GCC_WARN_UNDECLARED_SELECTOR = YES;
				GCC_WARN_UNINITIALIZED_AUTOS = YES_AGGRESSIVE;
				GCC_WARN_UNUSED_FUNCTION = YES;
				GCC_WARN_UNUSED_VARIABLE = YES;
				IPHONEOS_DEPLOYMENT_TARGET = 12.4;
				MTL_ENABLE_DEBUG_INFO = NO;
				MTL_FAST_MATH = YES;
				SDKROOT = iphoneos;
				SWIFT_COMPILATION_MODE = wholemodule;
				SWIFT_OPTIMIZATION_LEVEL = "-O";
				VALIDATE_PRODUCT = YES;
			};
			name = Release;
		};
		56CACCEF23244847001FBFAB /* Debug */ = {
			isa = XCBuildConfiguration;
			buildSettings = {
				ASSETCATALOG_COMPILER_APPICON_NAME = AppIcon;
				CODE_SIGN_STYLE = Automatic;
				DEVELOPMENT_TEAM = Z9W5DYB9YU;
				INFOPLIST_FILE = AnimalSounds/Info.plist;
				LD_RUNPATH_SEARCH_PATHS = (
					"$(inherited)",
					"@executable_path/Frameworks",
				);
				PRODUCT_BUNDLE_IDENTIFIER = com.fi.AnimalSounds;
				PRODUCT_NAME = "$(TARGET_NAME)";
				SWIFT_VERSION = 5.0;
				TARGETED_DEVICE_FAMILY = "1,2";
			};
			name = Debug;
		};
		56CACCF023244847001FBFAB /* Release */ = {
			isa = XCBuildConfiguration;
			buildSettings = {
				ASSETCATALOG_COMPILER_APPICON_NAME = AppIcon;
				CODE_SIGN_STYLE = Automatic;
				DEVELOPMENT_TEAM = Z9W5DYB9YU;
				INFOPLIST_FILE = AnimalSounds/Info.plist;
				LD_RUNPATH_SEARCH_PATHS = (
					"$(inherited)",
					"@executable_path/Frameworks",
				);
				PRODUCT_BUNDLE_IDENTIFIER = com.fi.AnimalSounds;
				PRODUCT_NAME = "$(TARGET_NAME)";
				SWIFT_VERSION = 5.0;
				TARGETED_DEVICE_FAMILY = "1,2";
			};
			name = Release;
		};
/* End XCBuildConfiguration section */

/* Begin XCConfigurationList section */
		56CACCD723244840001FBFAB /* Build configuration list for PBXProject "AnimalSounds" */ = {
			isa = XCConfigurationList;
			buildConfigurations = (
				56CACCEC23244847001FBFAB /* Debug */,
				56CACCED23244847001FBFAB /* Release */,
			);
			defaultConfigurationIsVisible = 0;
			defaultConfigurationName = Release;
		};
		56CACCEE23244847001FBFAB /* Build configuration list for PBXNativeTarget "AnimalSounds" */ = {
			isa = XCConfigurationList;
			buildConfigurations = (
				56CACCEF23244847001FBFAB /* Debug */,
				56CACCF023244847001FBFAB /* Release */,
			);
			defaultConfigurationIsVisible = 0;
			defaultConfigurationName = Release;
		};
/* End XCConfigurationList section */
	};
	rootObject = 56CACCD423244840001FBFAB /* Project object */;
}
